
Microsoft Visual Studio Solution File, Format Version 12.00
# Visual Studio Version 17
VisualStudioVersion = 17.7.34031.279
MinimumVisualStudioVersion = 10.0.40219.1
Project("{FAE04EC0-301F-11D3-BF4B-00C04F79EFBC}") = "ConsoleApp10", "ConsoleApp10\ConsoleApp10.csproj", "{8D89BACF-0C6B-4416-8EDA-FE40DB293962}"
EndProject
Global
	GlobalSection(SolutionConfigurationPlatforms) = preSolution
		Debug|Any CPU = Debug|Any CPU
		Release|Any CPU = Release|Any CPU
	EndGlobalSection
	GlobalSection(ProjectConfigurationPlatforms) = postSolution
		{8D89BACF-0C6B-4416-8EDA-FE40DB293962}.Debug|Any CPU.ActiveCfg = Debug|Any CPU
		{8D89BACF-0C6B-4416-8EDA-FE40DB293962}.Debug|Any CPU.Build.0 = Debug|Any CPU
		{8D89BACF-0C6B-4416-8EDA-FE40DB293962}.Release|Any CPU.ActiveCfg = Release|Any CPU
		{8D89BACF-0C6B-4416-8EDA-FE40DB293962}.Release|Any CPU.Build.0 = Release|Any CPU
	EndGlobalSection
	GlobalSection(SolutionProperties) = preSolution
		HideSolutionNode = FALSE
	EndGlobalSection
	GlobalSection(ExtensibilityGlobals) = postSolution
		SolutionGuid = {CF485F86-0CF2-45A5-9585-A3995E4B31CE}
	EndGlobalSection
EndGlobal
